
Microsoft Visual Studio Solution File, Format Version 12.00
# Visual Studio Version 16
VisualStudioVersion = 16.0.28407.52
MinimumVisualStudioVersion = 10.0.40219.1
Project("{9A19103F-16F7-4668-BE54-9A1E7A4F7556}") = "MergeSolutions", "MergeSolutions\MergeSolutions.csproj", "{5377A21A-4B15-4C7E-97F4-A9843C3D0930}"
EndProject
Project("{9A19103F-16F7-4668-BE54-9A1E7A4F7556}") = "Core", "Core\Core.csproj", "{75A1072D-F94B-46A0-B23D-60AC2E0EFE27}"
EndProject
Project("{9A19103F-16F7-4668-BE54-9A1E7A4F7556}") = "ConvertToGlobalOptionSet", "ConvertToGlobalOptionSet\ConvertToGlobalOptionSet.csproj", "{7563479D-A6F9-4ACC-8DED-1AE9688E1C6E}"
EndProject
Project("{9A19103F-16F7-4668-BE54-9A1E7A4F7556}") = "BulkExport", "BulkExport\BulkExport.csproj", "{2008C1CC-5F6E-484E-A544-3FECBF19AB43}"
EndProject
Project("{9A19103F-16F7-4668-BE54-9A1E7A4F7556}") = "PatchAndUpgrade", "PatchAndUpgrade\PatchAndUpgrade.csproj", "{656D4EC6-B8D1-4339-A114-7E06931308A5}"
EndProject
Global
	GlobalSection(SolutionConfigurationPlatforms) = preSolution
		Debug|Any CPU = Debug|Any CPU
		Release|Any CPU = Release|Any CPU
	EndGlobalSection
	GlobalSection(ProjectConfigurationPlatforms) = postSolution
		{5377A21A-4B15-4C7E-97F4-A9843C3D0930}.Debug|Any CPU.ActiveCfg = Debug|Any CPU
		{5377A21A-4B15-4C7E-97F4-A9843C3D0930}.Debug|Any CPU.Build.0 = Debug|Any CPU
		{5377A21A-4B15-4C7E-97F4-A9843C3D0930}.Release|Any CPU.ActiveCfg = Release|Any CPU
		{5377A21A-4B15-4C7E-97F4-A9843C3D0930}.Release|Any CPU.Build.0 = Release|Any CPU
		{75A1072D-F94B-46A0-B23D-60AC2E0EFE27}.Debug|Any CPU.ActiveCfg = Debug|Any CPU
		{75A1072D-F94B-46A0-B23D-60AC2E0EFE27}.Debug|Any CPU.Build.0 = Debug|Any CPU
		{75A1072D-F94B-46A0-B23D-60AC2E0EFE27}.Release|Any CPU.ActiveCfg = Release|Any CPU
		{75A1072D-F94B-46A0-B23D-60AC2E0EFE27}.Release|Any CPU.Build.0 = Release|Any CPU
		{7563479D-A6F9-4ACC-8DED-1AE9688E1C6E}.Debug|Any CPU.ActiveCfg = Debug|Any CPU
		{7563479D-A6F9-4ACC-8DED-1AE9688E1C6E}.Debug|Any CPU.Build.0 = Debug|Any CPU
		{7563479D-A6F9-4ACC-8DED-1AE9688E1C6E}.Release|Any CPU.ActiveCfg = Release|Any CPU
		{7563479D-A6F9-4ACC-8DED-1AE9688E1C6E}.Release|Any CPU.Build.0 = Release|Any CPU
		{2008C1CC-5F6E-484E-A544-3FECBF19AB43}.Debug|Any CPU.ActiveCfg = Debug|Any CPU
		{2008C1CC-5F6E-484E-A544-3FECBF19AB43}.Debug|Any CPU.Build.0 = Debug|Any CPU
		{2008C1CC-5F6E-484E-A544-3FECBF19AB43}.Release|Any CPU.ActiveCfg = Release|Any CPU
		{2008C1CC-5F6E-484E-A544-3FECBF19AB43}.Release|Any CPU.Build.0 = Release|Any CPU
		{656D4EC6-B8D1-4339-A114-7E06931308A5}.Debug|Any CPU.ActiveCfg = Debug|Any CPU
		{656D4EC6-B8D1-4339-A114-7E06931308A5}.Debug|Any CPU.Build.0 = Debug|Any CPU
		{656D4EC6-B8D1-4339-A114-7E06931308A5}.Release|Any CPU.ActiveCfg = Release|Any CPU
		{656D4EC6-B8D1-4339-A114-7E06931308A5}.Release|Any CPU.Build.0 = Release|Any CPU
	EndGlobalSection
	GlobalSection(SolutionProperties) = preSolution
		HideSolutionNode = FALSE
	EndGlobalSection
	GlobalSection(ExtensibilityGlobals) = postSolution
		SolutionGuid = {038CEF99-6995-4A2E-B5D5-F706348FB5CE}
	EndGlobalSection
EndGlobal
